// !$*UTF8*$!
{
	archiveVersion = 1;
	classes = {
	};
	objectVersion = 56;
	objects = {

/* Begin PBXBuildFile section */
		4E0DE7742BF60054004F9F14 /* resorts.json in Resources */ = {isa = PBXBuildFile; fileRef = 4E0DE7732BF60054004F9F14 /* resorts.json */; };
		4E0DE7762BF600D2004F9F14 /* Resort.swift in Sources */ = {isa = PBXBuildFile; fileRef = 4E0DE7752BF600D2004F9F14 /* Resort.swift */; };
		4E0DE7782BF6015F004F9F14 /* Bundle-Decodable.swift in Sources */ = {isa = PBXBuildFile; fileRef = 4E0DE7772BF6015F004F9F14 /* Bundle-Decodable.swift */; };
		4E0DE77A2BF6115F004F9F14 /* WelcomeView.swift in Sources */ = {isa = PBXBuildFile; fileRef = 4E0DE7792BF6115E004F9F14 /* WelcomeView.swift */; };
		4E0DE77C2BF61346004F9F14 /* ResortView.swift in Sources */ = {isa = PBXBuildFile; fileRef = 4E0DE77B2BF61346004F9F14 /* ResortView.swift */; };
		4E0DE77E2BF61461004F9F14 /* SkiDetailsView.swift in Sources */ = {isa = PBXBuildFile; fileRef = 4E0DE77D2BF61461004F9F14 /* SkiDetailsView.swift */; };
		4E0DE7802BF61500004F9F14 /* ResortDetailsView.swift in Sources */ = {isa = PBXBuildFile; fileRef = 4E0DE77F2BF61500004F9F14 /* ResortDetailsView.swift */; };
		4E0DE7822BF62F5B004F9F14 /* Facility.swift in Sources */ = {isa = PBXBuildFile; fileRef = 4E0DE7812BF62F5B004F9F14 /* Facility.swift */; };
		4E0DE7842BF63484004F9F14 /* Favorites.swift in Sources */ = {isa = PBXBuildFile; fileRef = 4E0DE7832BF63484004F9F14 /* Favorites.swift */; };
		4EECCE8C2BEBCA5200F20A0D /* SnowSeekerApp.swift in Sources */ = {isa = PBXBuildFile; fileRef = 4EECCE8B2BEBCA5200F20A0D /* SnowSeekerApp.swift */; };
		4EECCE8E2BEBCA5200F20A0D /* ContentView.swift in Sources */ = {isa = PBXBuildFile; fileRef = 4EECCE8D2BEBCA5200F20A0D /* ContentView.swift */; };
		4EECCE902BEBCA5500F20A0D /* Assets.xcassets in Resources */ = {isa = PBXBuildFile; fileRef = 4EECCE8F2BEBCA5500F20A0D /* Assets.xcassets */; };
		4EECCE932BEBCA5500F20A0D /* Preview Assets.xcassets in Resources */ = {isa = PBXBuildFile; fileRef = 4EECCE922BEBCA5500F20A0D /* Preview Assets.xcassets */; };
/* End PBXBuildFile section */

/* Begin PBXFileReference section */
		4E0DE7732BF60054004F9F14 /* resorts.json */ = {isa = PBXFileReference; fileEncoding = 4; lastKnownFileType = text.json; path = resorts.json; sourceTree = "<group>"; };
		4E0DE7752BF600D2004F9F14 /* Resort.swift */ = {isa = PBXFileReference; lastKnownFileType = sourcecode.swift; path = Resort.swift; sourceTree = "<group>"; };
		4E0DE7772BF6015F004F9F14 /* Bundle-Decodable.swift */ = {isa = PBXFileReference; lastKnownFileType = sourcecode.swift; path = "Bundle-Decodable.swift"; sourceTree = "<group>"; };
		4E0DE7792BF6115E004F9F14 /* WelcomeView.swift */ = {isa = PBXFileReference; lastKnownFileType = sourcecode.swift; path = WelcomeView.swift; sourceTree = "<group>"; };
		4E0DE77B2BF61346004F9F14 /* ResortView.swift */ = {isa = PBXFileReference; lastKnownFileType = sourcecode.swift; path = ResortView.swift; sourceTree = "<group>"; };
		4E0DE77D2BF61461004F9F14 /* SkiDetailsView.swift */ = {isa = PBXFileReference; lastKnownFileType = sourcecode.swift; path = SkiDetailsView.swift; sourceTree = "<group>"; };
		4E0DE77F2BF61500004F9F14 /* ResortDetailsView.swift */ = {isa = PBXFileReference; lastKnownFileType = sourcecode.swift; path = ResortDetailsView.swift; sourceTree = "<group>"; };
		4E0DE7812BF62F5B004F9F14 /* Facility.swift */ = {isa = PBXFileReference; lastKnownFileType = sourcecode.swift; path = Facility.swift; sourceTree = "<group>"; };
		4E0DE7832BF63484004F9F14 /* Favorites.swift */ = {isa = PBXFileReference; lastKnownFileType = sourcecode.swift; path = Favorites.swift; sourceTree = "<group>"; };
		4EECCE882BEBCA5200F20A0D /* SnowSeeker.app */ = {isa = PBXFileReference; explicitFileType = wrapper.application; includeInIndex = 0; path = SnowSeeker.app; sourceTree = BUILT_PRODUCTS_DIR; };
		4EECCE8B2BEBCA5200F20A0D /* SnowSeekerApp.swift */ = {isa = PBXFileReference; lastKnownFileType = sourcecode.swift; path = SnowSeekerApp.swift; sourceTree = "<group>"; };
		4EECCE8D2BEBCA5200F20A0D /* ContentView.swift */ = {isa = PBXFileReference; lastKnownFileType = sourcecode.swift; path = ContentView.swift; sourceTree = "<group>"; };
		4EECCE8F2BEBCA5500F20A0D /* Assets.xcassets */ = {isa = PBXFileReference; lastKnownFileType = folder.assetcatalog; path = Assets.xcassets; sourceTree = "<group>"; };
		4EECCE922BEBCA5500F20A0D /* Preview Assets.xcassets */ = {isa = PBXFileReference; lastKnownFileType = folder.assetcatalog; path = "Preview Assets.xcassets"; sourceTree = "<group>"; };
/* End PBXFileReference section */

/* Begin PBXFrameworksBuildPhase section */
		4EECCE852BEBCA5200F20A0D /* Frameworks */ = {
			isa = PBXFrameworksBuildPhase;
			buildActionMask = 2147483647;
			files = (
			);
			runOnlyForDeploymentPostprocessing = 0;
		};
/* End PBXFrameworksBuildPhase section */

/* Begin PBXGroup section */
		4EECCE7F2BEBCA5200F20A0D = {
			isa = PBXGroup;
			children = (
				4EECCE8A2BEBCA5200F20A0D /* SnowSeeker */,
				4EECCE892BEBCA5200F20A0D /* Products */,
			);
			sourceTree = "<group>";
		};
		4EECCE892BEBCA5200F20A0D /* Products */ = {
			isa = PBXGroup;
			children = (
				4EECCE882BEBCA5200F20A0D /* SnowSeeker.app */,
			);
			name = Products;
			sourceTree = "<group>";
		};
		4EECCE8A2BEBCA5200F20A0D /* SnowSeeker */ = {
			isa = PBXGroup;
			children = (
				4EECCE8B2BEBCA5200F20A0D /* SnowSeekerApp.swift */,
				4EECCE8D2BEBCA5200F20A0D /* ContentView.swift */,
				4E0DE77D2BF61461004F9F14 /* SkiDetailsView.swift */,
				4E0DE77F2BF61500004F9F14 /* ResortDetailsView.swift */,
				4E0DE77B2BF61346004F9F14 /* ResortView.swift */,
				4E0DE7812BF62F5B004F9F14 /* Facility.swift */,
				4E0DE7832BF63484004F9F14 /* Favorites.swift */,
				4E0DE7792BF6115E004F9F14 /* WelcomeView.swift */,
				4E0DE7732BF60054004F9F14 /* resorts.json */,
				4E0DE7752BF600D2004F9F14 /* Resort.swift */,
				4E0DE7772BF6015F004F9F14 /* Bundle-Decodable.swift */,
				4EECCE8F2BEBCA5500F20A0D /* Assets.xcassets */,
				4EECCE912BEBCA5500F20A0D /* Preview Content */,
			);
			path = SnowSeeker;
			sourceTree = "<group>";
		};
		4EECCE912BEBCA5500F20A0D /* Preview Content */ = {
			isa = PBXGroup;
			children = (
				4EECCE922BEBCA5500F20A0D /* Preview Assets.xcassets */,
			);
			path = "Preview Content";
			sourceTree = "<group>";
		};
/* End PBXGroup section */

/* Begin PBXNativeTarget section */
		4EECCE872BEBCA5200F20A0D /* SnowSeeker */ = {
			isa = PBXNativeTarget;
			buildConfigurationList = 4EECCE962BEBCA5500F20A0D /* Build configuration list for PBXNativeTarget "SnowSeeker" */;
			buildPhases = (
				4EECCE842BEBCA5200F20A0D /* Sources */,
				4EECCE852BEBCA5200F20A0D /* Frameworks */,
				4EECCE862BEBCA5200F20A0D /* Resources */,
			);
			buildRules = (
			);
			dependencies = (
			);
			name = SnowSeeker;
			productName = SnowSeeker;
			productReference = 4EECCE882BEBCA5200F20A0D /* SnowSeeker.app */;
			productType = "com.apple.product-type.application";
		};
/* End PBXNativeTarget section */

/* Begin PBXProject section */
		4EECCE802BEBCA5200F20A0D /* Project object */ = {
			isa = PBXProject;
			attributes = {
				BuildIndependentTargetsInParallel = 1;
				LastSwiftUpdateCheck = 1530;
				LastUpgradeCheck = 1530;
				TargetAttributes = {
					4EECCE872BEBCA5200F20A0D = {
						CreatedOnToolsVersion = 15.3;
					};
				};
			};
			buildConfigurationList = 4EECCE832BEBCA5200F20A0D /* Build configuration list for PBXProject "SnowSeeker" */;
			compatibilityVersion = "Xcode 14.0";
			developmentRegion = en;
			hasScannedForEncodings = 0;
			knownRegions = (
				en,
				Base,
			);
			mainGroup = 4EECCE7F2BEBCA5200F20A0D;
			productRefGroup = 4EECCE892BEBCA5200F20A0D /* Products */;
			projectDirPath = "";
			projectRoot = "";
			targets = (
				4EECCE872BEBCA5200F20A0D /* SnowSeeker */,
			);
		};
/* End PBXProject section */

/* Begin PBXResourcesBuildPhase section */
		4EECCE862BEBCA5200F20A0D /* Resources */ = {
			isa = PBXResourcesBuildPhase;
			buildActionMask = 2147483647;
			files = (
				4E0DE7742BF60054004F9F14 /* resorts.json in Resources */,
				4EECCE932BEBCA5500F20A0D /* Preview Assets.xcassets in Resources */,
				4EECCE902BEBCA5500F20A0D /* Assets.xcassets in Resources */,
			);
			runOnlyForDeploymentPostprocessing = 0;
		};
/* End PBXResourcesBuildPhase section */

/* Begin PBXSourcesBuildPhase section */
		4EECCE842BEBCA5200F20A0D /* Sources */ = {
			isa = PBXSourcesBuildPhase;
			buildActionMask = 2147483647;
			files = (
				4E0DE77A2BF6115F004F9F14 /* WelcomeView.swift in Sources */,
				4E0DE77E2BF61461004F9F14 /* SkiDetailsView.swift in Sources */,
				4E0DE7802BF61500004F9F14 /* ResortDetailsView.swift in Sources */,
				4E0DE7842BF63484004F9F14 /* Favorites.swift in Sources */,
				4E0DE7822BF62F5B004F9F14 /* Facility.swift in Sources */,
				4EECCE8E2BEBCA5200F20A0D /* ContentView.swift in Sources */,
				4E0DE7762BF600D2004F9F14 /* Resort.swift in Sources */,
				4E0DE77C2BF61346004F9F14 /* ResortView.swift in Sources */,
				4EECCE8C2BEBCA5200F20A0D /* SnowSeekerApp.swift in Sources */,
				4E0DE7782BF6015F004F9F14 /* Bundle-Decodable.swift in Sources */,
			);
			runOnlyForDeploymentPostprocessing = 0;
		};
/* End PBXSourcesBuildPhase section */

/* Begin XCBuildConfiguration section */
		4EECCE942BEBCA5500F20A0D /* Debug */ = {
			isa = XCBuildConfiguration;
			buildSettings = {
				ALWAYS_SEARCH_USER_PATHS = NO;
				ASSETCATALOG_COMPILER_GENERATE_SWIFT_ASSET_SYMBOL_EXTENSIONS = YES;
				CLANG_ANALYZER_NONNULL = YES;
				CLANG_ANALYZER_NUMBER_OBJECT_CONVERSION = YES_AGGRESSIVE;
				CLANG_CXX_LANGUAGE_STANDARD = "gnu++20";
				CLANG_ENABLE_MODULES = YES;
				CLANG_ENABLE_OBJC_ARC = YES;
				CLANG_ENABLE_OBJC_WEAK = YES;
				CLANG_WARN_BLOCK_CAPTURE_AUTORELEASING = YES;
				CLANG_WARN_BOOL_CONVERSION = YES;
				CLANG_WARN_COMMA = YES;
				CLANG_WARN_CONSTANT_CONVERSION = YES;
				CLANG_WARN_DEPRECATED_OBJC_IMPLEMENTATIONS = YES;
				CLANG_WARN_DIRECT_OBJC_ISA_USAGE = YES_ERROR;
				CLANG_WARN_DOCUMENTATION_COMMENTS = YES;
				CLANG_WARN_EMPTY_BODY = YES;
				CLANG_WARN_ENUM_CONVERSION = YES;
				CLANG_WARN_INFINITE_RECURSION = YES;
				CLANG_WARN_INT_CONVERSION = YES;
				CLANG_WARN_NON_LITERAL_NULL_CONVERSION = YES;
				CLANG_WARN_OBJC_IMPLICIT_RETAIN_SELF = YES;
				CLANG_WARN_OBJC_LITERAL_CONVERSION = YES;
				CLANG_WARN_OBJC_ROOT_CLASS = YES_ERROR;
				CLANG_WARN_QUOTED_INCLUDE_IN_FRAMEWORK_HEADER = YES;
				CLANG_WARN_RANGE_LOOP_ANALYSIS = YES;
				CLANG_WARN_STRICT_PROTOTYPES = YES;
				CLANG_WARN_SUSPICIOUS_MOVE = YES;
				CLANG_WARN_UNGUARDED_AVAILABILITY = YES_AGGRESSIVE;
				CLANG_WARN_UNREACHABLE_CODE = YES;
				CLANG_WARN__DUPLICATE_METHOD_MATCH = YES;
				COPY_PHASE_STRIP = NO;
				DEBUG_INFORMATION_FORMAT = dwarf;
				ENABLE_STRICT_OBJC_MSGSEND = YES;
				ENABLE_TESTABILITY = YES;
				ENABLE_USER_SCRIPT_SANDBOXING = YES;
				GCC_C_LANGUAGE_STANDARD = gnu17;
				GCC_DYNAMIC_NO_PIC = NO;
				GCC_NO_COMMON_BLOCKS = YES;
				GCC_OPTIMIZATION_LEVEL = 0;
				GCC_PREPROCESSOR_DEFINITIONS = (
					"DEBUG=1",
					"$(inherited)",
				);
				GCC_WARN_64_TO_32_BIT_CONVERSION = YES;
				GCC_WARN_ABOUT_RETURN_TYPE = YES_ERROR;
				GCC_WARN_UNDECLARED_SELECTOR = YES;
				GCC_WARN_UNINITIALIZED_AUTOS = YES_AGGRESSIVE;
				GCC_WARN_UNUSED_FUNCTION = YES;
				GCC_WARN_UNUSED_VARIABLE = YES;
				IPHONEOS_DEPLOYMENT_TARGET = 17.4;
				LOCALIZATION_PREFERS_STRING_CATALOGS = YES;
				MTL_ENABLE_DEBUG_INFO = INCLUDE_SOURCE;
				MTL_FAST_MATH = YES;
				ONLY_ACTIVE_ARCH = YES;
				SDKROOT = iphoneos;
				SWIFT_ACTIVE_COMPILATION_CONDITIONS = "DEBUG $(inherited)";
				SWIFT_OPTIMIZATION_LEVEL = "-Onone";
			};
			name = Debug;
		};
		4EECCE952BEBCA5500F20A0D /* Release */ = {
			isa = XCBuildConfiguration;
			buildSettings = {
				ALWAYS_SEARCH_USER_PATHS = NO;
				ASSETCATALOG_COMPILER_GENERATE_SWIFT_ASSET_SYMBOL_EXTENSIONS = YES;
				CLANG_ANALYZER_NONNULL = YES;
				CLANG_ANALYZER_NUMBER_OBJECT_CONVERSION = YES_AGGRESSIVE;
				CLANG_CXX_LANGUAGE_STANDARD = "gnu++20";
				CLANG_ENABLE_MODULES = YES;
				CLANG_ENABLE_OBJC_ARC = YES;
				CLANG_ENABLE_OBJC_WEAK = YES;
				CLANG_WARN_BLOCK_CAPTURE_AUTORELEASING = YES;
				CLANG_WARN_BOOL_CONVERSION = YES;
				CLANG_WARN_COMMA = YES;
				CLANG_WARN_CONSTANT_CONVERSION = YES;
				CLANG_WARN_DEPRECATED_OBJC_IMPLEMENTATIONS = YES;
				CLANG_WARN_DIRECT_OBJC_ISA_USAGE = YES_ERROR;
				CLANG_WARN_DOCUMENTATION_COMMENTS = YES;
				CLANG_WARN_EMPTY_BODY = YES;
				CLANG_WARN_ENUM_CONVERSION = YES;
				CLANG_WARN_INFINITE_RECURSION = YES;
				CLANG_WARN_INT_CONVERSION = YES;
				CLANG_WARN_NON_LITERAL_NULL_CONVERSION = YES;
				CLANG_WARN_OBJC_IMPLICIT_RETAIN_SELF = YES;
				CLANG_WARN_OBJC_LITERAL_CONVERSION = YES;
				CLANG_WARN_OBJC_ROOT_CLASS = YES_ERROR;
				CLANG_WARN_QUOTED_INCLUDE_IN_FRAMEWORK_HEADER = YES;
				CLANG_WARN_RANGE_LOOP_ANALYSIS = YES;
				CLANG_WARN_STRICT_PROTOTYPES = YES;
				CLANG_WARN_SUSPICIOUS_MOVE = YES;
				CLANG_WARN_UNGUARDED_AVAILABILITY = YES_AGGRESSIVE;
				CLANG_WARN_UNREACHABLE_CODE = YES;
				CLANG_WARN__DUPLICATE_METHOD_MATCH = YES;
				COPY_PHASE_STRIP = NO;
				DEBUG_INFORMATION_FORMAT = "dwarf-with-dsym";
				ENABLE_NS_ASSERTIONS = NO;
				ENABLE_STRICT_OBJC_MSGSEND = YES;
				ENABLE_USER_SCRIPT_SANDBOXING = YES;
				GCC_C_LANGUAGE_STANDARD = gnu17;
				GCC_NO_COMMON_BLOCKS = YES;
				GCC_WARN_64_TO_32_BIT_CONVERSION = YES;
				GCC_WARN_ABOUT_RETURN_TYPE = YES_ERROR;
				GCC_WARN_UNDECLARED_SELECTOR = YES;
				GCC_WARN_UNINITIALIZED_AUTOS = YES_AGGRESSIVE;
				GCC_WARN_UNUSED_FUNCTION = YES;
				GCC_WARN_UNUSED_VARIABLE = YES;
				IPHONEOS_DEPLOYMENT_TARGET = 17.4;
				LOCALIZATION_PREFERS_STRING_CATALOGS = YES;
				MTL_ENABLE_DEBUG_INFO = NO;
				MTL_FAST_MATH = YES;
				SDKROOT = iphoneos;
				SWIFT_COMPILATION_MODE = wholemodule;
				VALIDATE_PRODUCT = YES;
			};
			name = Release;
		};
		4EECCE972BEBCA5500F20A0D /* Debug */ = {
			isa = XCBuildConfiguration;
			buildSettings = {
				ASSETCATALOG_COMPILER_APPICON_NAME = AppIcon;
				ASSETCATALOG_COMPILER_GLOBAL_ACCENT_COLOR_NAME = AccentColor;
				CODE_SIGN_STYLE = Automatic;
				CURRENT_PROJECT_VERSION = 1;
				DEVELOPMENT_ASSET_PATHS = "\"SnowSeeker/Preview Content\"";
				DEVELOPMENT_TEAM = P5SSQXSSU5;
				ENABLE_PREVIEWS = YES;
				GENERATE_INFOPLIST_FILE = YES;
				INFOPLIST_KEY_UIApplicationSceneManifest_Generation = YES;
				INFOPLIST_KEY_UIApplicationSupportsIndirectInputEvents = YES;
				INFOPLIST_KEY_UILaunchScreen_Generation = YES;
				INFOPLIST_KEY_UISupportedInterfaceOrientations_iPad = "UIInterfaceOrientationPortrait UIInterfaceOrientationPortraitUpsideDown UIInterfaceOrientationLandscapeLeft UIInterfaceOrientationLandscapeRight";
				INFOPLIST_KEY_UISupportedInterfaceOrientations_iPhone = "UIInterfaceOrientationPortrait UIInterfaceOrientationLandscapeLeft UIInterfaceOrientationLandscapeRight";
				LD_RUNPATH_SEARCH_PATHS = (
					"$(inherited)",
					"@executable_path/Frameworks",
				);
				MARKETING_VERSION = 1.0;
				PRODUCT_BUNDLE_IDENTIFIER = com.example.SnowSeeker;
				PRODUCT_NAME = "$(TARGET_NAME)";
				SWIFT_EMIT_LOC_STRINGS = YES;
				SWIFT_VERSION = 5.0;
				TARGETED_DEVICE_FAMILY = "1,2";
			};
			name = Debug;
		};
		4EECCE982BEBCA5500F20A0D /* Release */ = {
			isa = XCBuildConfiguration;
			buildSettings = {
				ASSETCATALOG_COMPILER_APPICON_NAME = AppIcon;
				ASSETCATALOG_COMPILER_GLOBAL_ACCENT_COLOR_NAME = AccentColor;
				CODE_SIGN_STYLE = Automatic;
				CURRENT_PROJECT_VERSION = 1;
				DEVELOPMENT_ASSET_PATHS = "\"SnowSeeker/Preview Content\"";
				DEVELOPMENT_TEAM = P5SSQXSSU5;
				ENABLE_PREVIEWS = YES;
				GENERATE_INFOPLIST_FILE = YES;
				INFOPLIST_KEY_UIApplicationSceneManifest_Generation = YES;
				INFOPLIST_KEY_UIApplicationSupportsIndirectInputEvents = YES;
				INFOPLIST_KEY_UILaunchScreen_Generation = YES;
				INFOPLIST_KEY_UISupportedInterfaceOrientations_iPad = "UIInterfaceOrientationPortrait UIInterfaceOrientationPortraitUpsideDown UIInterfaceOrientationLandscapeLeft UIInterfaceOrientationLandscapeRight";
				INFOPLIST_KEY_UISupportedInterfaceOrientations_iPhone = "UIInterfaceOrientationPortrait UIInterfaceOrientationLandscapeLeft UIInterfaceOrientationLandscapeRight";
				LD_RUNPATH_SEARCH_PATHS = (
					"$(inherited)",
					"@executable_path/Frameworks",
				);
				MARKETING_VERSION = 1.0;
				PRODUCT_BUNDLE_IDENTIFIER = com.example.SnowSeeker;
				PRODUCT_NAME = "$(TARGET_NAME)";
				SWIFT_EMIT_LOC_STRINGS = YES;
				SWIFT_VERSION = 5.0;
				TARGETED_DEVICE_FAMILY = "1,2";
			};
			name = Release;
		};
/* End XCBuildConfiguration section */

/* Begin XCConfigurationList section */
		4EECCE832BEBCA5200F20A0D /* Build configuration list for PBXProject "SnowSeeker" */ = {
			isa = XCConfigurationList;
			buildConfigurations = (
				4EECCE942BEBCA5500F20A0D /* Debug */,
				4EECCE952BEBCA5500F20A0D /* Release */,
			);
			defaultConfigurationIsVisible = 0;
			defaultConfigurationName = Release;
		};
		4EECCE962BEBCA5500F20A0D /* Build configuration list for PBXNativeTarget "SnowSeeker" */ = {
			isa = XCConfigurationList;
			buildConfigurations = (
				4EECCE972BEBCA5500F20A0D /* Debug */,
				4EECCE982BEBCA5500F20A0D /* Release */,
			);
			defaultConfigurationIsVisible = 0;
			defaultConfigurationName = Release;
		};
/* End XCConfigurationList section */
	};
	rootObject = 4EECCE802BEBCA5200F20A0D /* Project object */;
}
